
Microsoft Visual Studio Solution File, Format Version 12.00
# Visual Studio Version 17
VisualStudioVersion = 17.2.32602.215
MinimumVisualStudioVersion = 10.0.40219.1
Project("{9A19103F-16F7-4668-BE54-9A1E7A4F7556}") = "User_JWT_Authorization", "User_JWT_Authorization\User_JWT_Authorization.csproj", "{6C280EA0-B7B7-481C-892F-E95C346FFC0A}"
EndProject
Global
	GlobalSection(SolutionConfigurationPlatforms) = preSolution
		Debug|Any CPU = Debug|Any CPU
		Release|Any CPU = Release|Any CPU
	EndGlobalSection
	GlobalSection(ProjectConfigurationPlatforms) = postSolution
		{6C280EA0-B7B7-481C-892F-E95C346FFC0A}.Debug|Any CPU.ActiveCfg = Debug|Any CPU
		{6C280EA0-B7B7-481C-892F-E95C346FFC0A}.Debug|Any CPU.Build.0 = Debug|Any CPU
		{6C280EA0-B7B7-481C-892F-E95C346FFC0A}.Release|Any CPU.ActiveCfg = Release|Any CPU
		{6C280EA0-B7B7-481C-892F-E95C346FFC0A}.Release|Any CPU.Build.0 = Release|Any CPU
	EndGlobalSection
	GlobalSection(SolutionProperties) = preSolution
		HideSolutionNode = FALSE
	EndGlobalSection
	GlobalSection(ExtensibilityGlobals) = postSolution
		SolutionGuid = {C325861E-48C6-4ED0-A871-172C880280D3}
	EndGlobalSection
EndGlobal
